# THIS IS AN AUTOGENERATED FILE. DO NOT EDIT THIS FILE DIRECTLY.
# yarn lockfile v1


"@jridgewell/sourcemap-codec@^1.4.13":
  version "1.4.15"
  resolved "https://registry.yarnpkg.com/@jridgewell/sourcemap-codec/-/sourcemap-codec-1.4.15.tgz#d7c6e6755c78567a951e04ab52ef0fd26de59f32"
  integrity sha512-eF2rxCRulEKXHTRiDrDy6erMYWqNw4LPdQ8UQA4huuxaQsVeRPFl2oM8oDGxMFhJUWZf9McpLtJasDDZb/Bpeg==

"@next/env@12.3.4":
  version "12.3.4"
  resolved "https://registry.yarnpkg.com/@next/env/-/env-12.3.4.tgz#c787837d36fcad75d72ff8df6b57482027d64a47"
  integrity sha512-H/69Lc5Q02dq3o+dxxy5O/oNxFsZpdL6WREtOOtOM1B/weonIwDXkekr1KV5DPVPr12IHFPrMrcJQ6bgPMfn7A==

"@next/swc-android-arm-eabi@12.3.4":
  version "12.3.4"
  resolved "https://registry.yarnpkg.com/@next/swc-android-arm-eabi/-/swc-android-arm-eabi-12.3.4.tgz#fd1c2dafe92066c6120761c6a39d19e666dc5dd0"
  integrity sha512-cM42Cw6V4Bz/2+j/xIzO8nK/Q3Ly+VSlZJTa1vHzsocJRYz8KT6MrreXaci2++SIZCF1rVRCDgAg5PpqRibdIA==

"@next/swc-android-arm64@12.3.4":
  version "12.3.4"
  resolved "https://registry.yarnpkg.com/@next/swc-android-arm64/-/swc-android-arm64-12.3.4.tgz#11a146dae7b8bca007239b21c616e83f77b19ed4"
  integrity sha512-5jf0dTBjL+rabWjGj3eghpLUxCukRhBcEJgwLedewEA/LJk2HyqCvGIwj5rH+iwmq1llCWbOky2dO3pVljrapg==

"@next/swc-darwin-arm64@12.3.4":
  version "12.3.4"
  resolved "https://registry.yarnpkg.com/@next/swc-darwin-arm64/-/swc-darwin-arm64-12.3.4.tgz#14ac8357010c95e67327f47082af9c9d75d5be79"
  integrity sha512-DqsSTd3FRjQUR6ao0E1e2OlOcrF5br+uegcEGPVonKYJpcr0MJrtYmPxd4v5T6UCJZ+XzydF7eQo5wdGvSZAyA==

"@next/swc-darwin-x64@12.3.4":
  version "12.3.4"
  resolved "https://registry.yarnpkg.com/@next/swc-darwin-x64/-/swc-darwin-x64-12.3.4.tgz#e7dc63cd2ac26d15fb84d4d2997207fb9ba7da0f"
  integrity sha512-PPF7tbWD4k0dJ2EcUSnOsaOJ5rhT3rlEt/3LhZUGiYNL8KvoqczFrETlUx0cUYaXe11dRA3F80Hpt727QIwByQ==

"@next/swc-freebsd-x64@12.3.4":
  version "12.3.4"
  resolved "https://registry.yarnpkg.com/@next/swc-freebsd-x64/-/swc-freebsd-x64-12.3.4.tgz#fe7ceec58746fdf03f1fcb37ec1331c28e76af93"
  integrity sha512-KM9JXRXi/U2PUM928z7l4tnfQ9u8bTco/jb939pdFUHqc28V43Ohd31MmZD1QzEK4aFlMRaIBQOWQZh4D/E5lQ==

"@next/swc-linux-arm-gnueabihf@12.3.4":
  version "12.3.4"
  resolved "https://registry.yarnpkg.com/@next/swc-linux-arm-gnueabihf/-/swc-linux-arm-gnueabihf-12.3.4.tgz#d7016934d02bfc8bd69818ffb0ae364b77b17af7"
  integrity sha512-3zqD3pO+z5CZyxtKDTnOJ2XgFFRUBciOox6EWkoZvJfc9zcidNAQxuwonUeNts6Xbm8Wtm5YGIRC0x+12YH7kw==

"@next/swc-linux-arm64-gnu@12.3.4":
  version "12.3.4"
  resolved "https://registry.yarnpkg.com/@next/swc-linux-arm64-gnu/-/swc-linux-arm64-gnu-12.3.4.tgz#43a7bc409b03487bff5beb99479cacdc7bd29af5"
  integrity sha512-kiX0vgJGMZVv+oo1QuObaYulXNvdH/IINmvdZnVzMO/jic/B8EEIGlZ8Bgvw8LCjH3zNVPO3mGrdMvnEEPEhKA==

"@next/swc-linux-arm64-musl@12.3.4":
  version "12.3.4"
  resolved "https://registry.yarnpkg.com/@next/swc-linux-arm64-musl/-/swc-linux-arm64-musl-12.3.4.tgz#4d1db6de6dc982b974cd1c52937111e3e4a34bd3"
  integrity sha512-EETZPa1juczrKLWk5okoW2hv7D7WvonU+Cf2CgsSoxgsYbUCZ1voOpL4JZTOb6IbKMDo6ja+SbY0vzXZBUMvkQ==

"@next/swc-linux-x64-gnu@12.3.4":
  version "12.3.4"
  resolved "https://registry.yarnpkg.com/@next/swc-linux-x64-gnu/-/swc-linux-x64-gnu-12.3.4.tgz#c3b414d77bab08b35f7dd8943d5586f0adb15e38"
  integrity sha512-4csPbRbfZbuWOk3ATyWcvVFdD9/Rsdq5YHKvRuEni68OCLkfy4f+4I9OBpyK1SKJ00Cih16NJbHE+k+ljPPpag==

"@next/swc-linux-x64-musl@12.3.4":
  version "12.3.4"
  resolved "https://registry.yarnpkg.com/@next/swc-linux-x64-musl/-/swc-linux-x64-musl-12.3.4.tgz#187a883ec09eb2442a5ebf126826e19037313c61"
  integrity sha512-YeBmI+63Ro75SUiL/QXEVXQ19T++58aI/IINOyhpsRL1LKdyfK/35iilraZEFz9bLQrwy1LYAR5lK200A9Gjbg==

"@next/swc-win32-arm64-msvc@12.3.4":
  version "12.3.4"
  resolved "https://registry.yarnpkg.com/@next/swc-win32-arm64-msvc/-/swc-win32-arm64-msvc-12.3.4.tgz#89befa84e453ed2ef9a888f375eba565a0fde80b"
  integrity sha512-Sd0qFUJv8Tj0PukAYbCCDbmXcMkbIuhnTeHm9m4ZGjCf6kt7E/RMs55Pd3R5ePjOkN7dJEuxYBehawTR/aPDSQ==

"@next/swc-win32-ia32-msvc@12.3.4":
  version "12.3.4"
  resolved "https://registry.yarnpkg.com/@next/swc-win32-ia32-msvc/-/swc-win32-ia32-msvc-12.3.4.tgz#cb50c08f0e40ead63642a7f269f0c8254261f17c"
  integrity sha512-rt/vv/vg/ZGGkrkKcuJ0LyliRdbskQU+91bje+PgoYmxTZf/tYs6IfbmgudBJk6gH3QnjHWbkphDdRQrseRefQ==

"@next/swc-win32-x64-msvc@12.3.4":
  version "12.3.4"
  resolved "https://registry.yarnpkg.com/@next/swc-win32-x64-msvc/-/swc-win32-x64-msvc-12.3.4.tgz#d28ea15a72cdcf96201c60a43e9630cd7fda168f"
  integrity sha512-DQ20JEfTBZAgF8QCjYfJhv2/279M6onxFjdG/+5B0Cyj00/EdBxiWb2eGGFgQhrBbNv/lsvzFbbi0Ptf8Vw/bg==

"@rollup/plugin-commonjs@24.0.0":
  version "24.0.0"
  resolved "https://registry.yarnpkg.com/@rollup/plugin-commonjs/-/plugin-commonjs-24.0.0.tgz#fb7cf4a6029f07ec42b25daa535c75b05a43f75c"
  integrity sha512-0w0wyykzdyRRPHOb0cQt14mIBLujfAv6GgP6g8nvg/iBxEm112t3YPPq+Buqe2+imvElTka+bjNlJ/gB56TD8g==
  dependencies:
    "@rollup/pluginutils" "^5.0.1"
    commondir "^1.0.1"
    estree-walker "^2.0.2"
    glob "^8.0.3"
    is-reference "1.2.1"
    magic-string "^0.27.0"

"@rollup/pluginutils@^5.0.1":
  version "5.1.0"
  resolved "https://registry.yarnpkg.com/@rollup/pluginutils/-/pluginutils-5.1.0.tgz#7e53eddc8c7f483a4ad0b94afb1f7f5fd3c771e0"
  integrity sha512-XTIWOPPcpvyKI6L1NHo0lFlCyznUEyPmPY1mc3KpPVDYulHSTvyeLNVW00QTLIAFNhR3kYnJTQHeGqU4M3n09g==
  dependencies:
    "@types/estree" "^1.0.0"
    estree-walker "^2.0.2"
    picomatch "^2.3.1"

"@sentry-internal/feedback@7.93.0":
  version "7.93.0"
  resolved "https://registry.yarnpkg.com/@sentry-internal/feedback/-/feedback-7.93.0.tgz#c6648ce625792c72d7afdbee8f5db878c7f16fee"
  integrity sha512-4G7rMeQbYGfCHxEoFroABX+UREYc2BSbFqjLmLbIcWowSpgzcwweLLphWHKOciqK6f7DnNDK0jZzx3u7NrkWHw==
  dependencies:
    "@sentry/core" "7.93.0"
    "@sentry/types" "7.93.0"
    "@sentry/utils" "7.93.0"

"@sentry-internal/feedback@^0.0.1-alpha.15":
  version "0.0.1-alpha.17"
  resolved "https://registry.yarnpkg.com/@sentry-internal/feedback/-/feedback-0.0.1-alpha.17.tgz#98e7477152111efe18febc07e7d6064d32340711"
  integrity sha512-PCYiA0tQU8NWOVeZf8eRxptkI5JMro+9jQT1pLNyRG9vhzYYXurepalUgeY8qbMREdaFk5p0N9DmkJHDiOW1mg==
  dependencies:
    "@sentry/core" "7.84.0"
    "@sentry/types" "7.84.0"
    "@sentry/utils" "7.84.0"

"@sentry-internal/tracing@7.93.0":
  version "7.93.0"
  resolved "https://registry.yarnpkg.com/@sentry-internal/tracing/-/tracing-7.93.0.tgz#8cee8b610695d828af75edd2929b64b7caf0385d"
  integrity sha512-DjuhmQNywPp+8fxC9dvhGrqgsUb6wI/HQp25lS2Re7VxL1swCasvpkg8EOYP4iBniVQ86QK0uITkOIRc5tdY1w==
  dependencies:
    "@sentry/core" "7.93.0"
    "@sentry/types" "7.93.0"
    "@sentry/utils" "7.93.0"

"@sentry/browser@7.93.0":
  version "7.93.0"
  resolved "https://registry.yarnpkg.com/@sentry/browser/-/browser-7.93.0.tgz#acb559125ab0576091a3fc9718e520ba9b2eb1b9"
  integrity sha512-MtLTcQ7y3rfk+aIvnnwCfSJvYhTJnIJi+Mf6y/ap6SKObdlsKMbQoJLlRViglGLq+nKxHLAvU0fONiCEmKfV6A==
  dependencies:
    "@sentry-internal/feedback" "7.93.0"
    "@sentry-internal/tracing" "7.93.0"
    "@sentry/core" "7.93.0"
    "@sentry/replay" "7.93.0"
    "@sentry/types" "7.93.0"
    "@sentry/utils" "7.93.0"

"@sentry/cli-darwin@2.25.0":
  version "2.25.0"
  resolved "https://registry.yarnpkg.com/@sentry/cli-darwin/-/cli-darwin-2.25.0.tgz#a46c84852fbecdbd16948548f4c58302cb5471b9"
  integrity sha512-OgBioypi9S+cooC4mPj/gYyvjw3oP9TH9ACgzobL0oP9gCpyF36iv044SWHLgeFUb45cPpVZ7f7WeSbufItzCQ==

"@sentry/cli-linux-arm64@2.25.0":
  version "2.25.0"
  resolved "https://registry.yarnpkg.com/@sentry/cli-linux-arm64/-/cli-linux-arm64-2.25.0.tgz#dcf61eac6adc6dcc5aee2eaebff2e901370abc75"
  integrity sha512-GqxP3s0qHBgch3WI1my5P/h4YeEtNEar+jOGTPg66Bt042rUEHIlYuhULriu3v5rLnmlTuQ5i+LGr4Kq5SFW0Q==

"@sentry/cli-linux-arm@2.25.0":
  version "2.25.0"
  resolved "https://registry.yarnpkg.com/@sentry/cli-linux-arm/-/cli-linux-arm-2.25.0.tgz#bbea30b44b6b37c7e58d5e47b393d1139cdfe5ef"
  integrity sha512-EZT//Dnajc03juqBTRUlU7x/1R1ODq5w6ZC9zO5tJfURxljUJ/kkAScHpfHiqzhPMNArK0gu7vYrOS4CTA7eBw==

"@sentry/cli-linux-i686@2.25.0":
  version "2.25.0"
  resolved "https://registry.yarnpkg.com/@sentry/cli-linux-i686/-/cli-linux-i686-2.25.0.tgz#b11c4bc6679c253dbd0e000a92198f3ccb41e53c"
  integrity sha512-w25QuABMK7FDjlOgpWgJOhQdVQguOhz81DPoeXNWiDLcTHFsYDXxT88exaUQxrLhMNcRrQnS0rDhwd5y0cYh0g==

"@sentry/cli-linux-x64@2.25.0":
  version "2.25.0"
  resolved "https://registry.yarnpkg.com/@sentry/cli-linux-x64/-/cli-linux-x64-2.25.0.tgz#c2c3be3db81ee08185557fa502ecfb5e516995ab"
  integrity sha512-7Pr3JZTPWqSeLiG67v/7uR9prpCfNAW2naf/SSZOMg2ZTXSgG+kgXf6/ADI3WP1LtF3GVhexGtJ5eyFVYxfLsQ==

"@sentry/cli-win32-i686@2.25.0":
  version "2.25.0"
  resolved "https://registry.yarnpkg.com/@sentry/cli-win32-i686/-/cli-win32-i686-2.25.0.tgz#968f5093e3a74401fe15233808aee68311d15496"
  integrity sha512-AuHBpFB2DZr19KE3g7qejaVmGb0d7E4ZN2cBKX1Vixb+KTi9/bEcRrWaQ2PpqLTVb2Wwglf/VlZgsxOjfhp7Ag==

"@sentry/cli-win32-x64@2.25.0":
  version "2.25.0"
  resolved "https://registry.yarnpkg.com/@sentry/cli-win32-x64/-/cli-win32-x64-2.25.0.tgz#9bb6b271642e1cc2b571acd395bece2683a3faed"
  integrity sha512-EFGg2L4Wm8YNRV/yAy0bmztc2jkkhy0SfaQtxrHW22IRqfl2jXyKcHHmcEjwoYfCvIW+c5I0ftHhjueMuuRcXw==

"@sentry/cli@^1.77.1":
  version "1.77.1"
  resolved "https://registry.yarnpkg.com/@sentry/cli/-/cli-1.77.1.tgz#ebcf884712ef6c3c75443f491ec16f6a22148aec"
  integrity sha512-OtJ7U9LeuPUAY/xow9wwcjM9w42IJIpDtClTKI/RliE685vd/OJUIpiAvebHNthDYpQynvwb/0iuF4fonh+CKw==
  dependencies:
    https-proxy-agent "^5.0.0"
    mkdirp "^0.5.5"
    node-fetch "^2.6.7"
    progress "^2.0.3"
    proxy-from-env "^1.1.0"
    which "^2.0.2"

"@sentry/cli@^2.18.0":
  version "2.25.0"
  resolved "https://registry.yarnpkg.com/@sentry/cli/-/cli-2.25.0.tgz#2b142b763d21def99a3473f0cd3169f6b04f6235"
  integrity sha512-N7k3NdiiEyQkQ43hRDAVqMf+Lg3GTWevO+ndg4yZ8Zv+J1jEVD6ZbqNnshSwWOx9qzcWQ+V/8ZgjmNuHbcNRxg==
  dependencies:
    https-proxy-agent "^5.0.0"
    node-fetch "^2.6.7"
    progress "^2.0.3"
    proxy-from-env "^1.1.0"
    which "^2.0.2"
  optionalDependencies:
    "@sentry/cli-darwin" "2.25.0"
    "@sentry/cli-linux-arm" "2.25.0"
    "@sentry/cli-linux-arm64" "2.25.0"
    "@sentry/cli-linux-i686" "2.25.0"
    "@sentry/cli-linux-x64" "2.25.0"
    "@sentry/cli-win32-i686" "2.25.0"
    "@sentry/cli-win32-x64" "2.25.0"

"@sentry/core@7.84.0":
  version "7.84.0"
  resolved "https://registry.yarnpkg.com/@sentry/core/-/core-7.84.0.tgz#01d33fc452044ffd8ea57b20f60304b9cfa2b9e1"
  integrity sha512-tbuwunbBx2kSex15IHCqHDnrMfIlqPc6w/76fwkGqokz3oh9GSEGlLICwmBWL8AypWimUg13IDtFpD0TJTriWA==
  dependencies:
    "@sentry/types" "7.84.0"
    "@sentry/utils" "7.84.0"

"@sentry/core@7.93.0":
  version "7.93.0"
  resolved "https://registry.yarnpkg.com/@sentry/core/-/core-7.93.0.tgz#50a14bf305130dfef51810e4c97fcba4972a57ef"
  integrity sha512-vZQSUiDn73n+yu2fEcH+Wpm4GbRmtxmnXnYCPgM6IjnXqkVm3awWAkzrheADblx3kmxrRiOlTXYHw9NTWs56fg==
  dependencies:
    "@sentry/types" "7.93.0"
    "@sentry/utils" "7.93.0"

"@sentry/integrations@7.93.0", "@sentry/integrations@^7.93.0":
  version "7.93.0"
  resolved "https://registry.yarnpkg.com/@sentry/integrations/-/integrations-7.93.0.tgz#23ce18919e8b19f97b9b0fdf69d2ecaa6f1730ad"
  integrity sha512-uGQ8+DiqUr6SbhdJJHyIqDJ6kHnFuSv8nZWtj2tJ1I8q8u8MX8t8Om6R/R4ap45gCkWg/zqZq7B+gQV6TYewjQ==
  dependencies:
    "@sentry/core" "7.93.0"
    "@sentry/types" "7.93.0"
    "@sentry/utils" "7.93.0"
    localforage "^1.8.1"

"@sentry/nextjs@^7.93.0":
  version "7.93.0"
  resolved "https://registry.yarnpkg.com/@sentry/nextjs/-/nextjs-7.93.0.tgz#7c52e73f4fd8410ad032dc713e21091f8db77db4"
  integrity sha512-/O4Xl+hMSEM6/sVfmKXCZhLUUGNJbi+L0tasTiw4wB4EQQeMDKf4cBfx8e4mNBMzhA2SZnfQZAwJGqhvFJniPQ==
  dependencies:
    "@rollup/plugin-commonjs" "24.0.0"
    "@sentry/core" "7.93.0"
    "@sentry/integrations" "7.93.0"
    "@sentry/node" "7.93.0"
    "@sentry/react" "7.93.0"
    "@sentry/types" "7.93.0"
    "@sentry/utils" "7.93.0"
    "@sentry/vercel-edge" "7.93.0"
    "@sentry/webpack-plugin" "1.21.0"
    chalk "3.0.0"
    resolve "1.22.8"
    rollup "2.78.0"
    stacktrace-parser "^0.1.10"

"@sentry/node@7.93.0":
  version "7.93.0"
  resolved "https://registry.yarnpkg.com/@sentry/node/-/node-7.93.0.tgz#7786d05d1e3e984207a866b07df1bf891355892e"
  integrity sha512-nUXPCZQm5Y9Ipv7iWXLNp5dbuyi1VvbJ3RtlwD7utgsNkRYB4ixtKE9w2QU8DZZAjaEF6w2X94OkYH6C932FWw==
  dependencies:
    "@sentry-internal/tracing" "7.93.0"
    "@sentry/core" "7.93.0"
    "@sentry/types" "7.93.0"
    "@sentry/utils" "7.93.0"
    https-proxy-agent "^5.0.0"

"@sentry/profiling-node@^1.2.6":
  version "1.3.5"
  resolved "https://registry.yarnpkg.com/@sentry/profiling-node/-/profiling-node-1.3.5.tgz#e7e15fae88745b4c062ca49086bf85688b6ffe66"
  integrity sha512-n2bfEbtLW3WuIMQGyxKJKzBNZOb1JYfMeJQ2WQn/42F++69m+u7T0S3EDGRN0Y//fbt5+r0any+4r3kChRXZkQ==
  dependencies:
    detect-libc "^2.0.2"
    node-abi "^3.52.0"

"@sentry/react@7.93.0", "@sentry/react@^7.54.0":
  version "7.93.0"
  resolved "https://registry.yarnpkg.com/@sentry/react/-/react-7.93.0.tgz#c6a07cf18c0fbd59e3d534300989f843ad518148"
  integrity sha512-B0bzziV1lEyN7xd0orUPyJdpoK6CtcyodmQkfY0WsHLm/1d9xi95M05lObHnsMWO1js6c9B9d9kO8RlKFz947A==
  dependencies:
    "@sentry/browser" "7.93.0"
    "@sentry/core" "7.93.0"
    "@sentry/types" "7.93.0"
    "@sentry/utils" "7.93.0"
    hoist-non-react-statics "^3.3.2"

"@sentry/replay@7.93.0":
  version "7.93.0"
  resolved "https://registry.yarnpkg.com/@sentry/replay/-/replay-7.93.0.tgz#55e3c424cd5529041fbc987e4c2e74e30a94b1b8"
  integrity sha512-dMlLU8v+OkUeGCrPvTu5NriH7BGj3el4rGHWWAYicfJ2QXqTTq50vfasQBP1JeVNcFqnf1y653TdEIvo4RH4tw==
  dependencies:
    "@sentry-internal/tracing" "7.93.0"
    "@sentry/core" "7.93.0"
    "@sentry/types" "7.93.0"
    "@sentry/utils" "7.93.0"

"@sentry/types@7.84.0":
  version "7.84.0"
  resolved "https://registry.yarnpkg.com/@sentry/types/-/types-7.84.0.tgz#e8db86c36c61659c3b2558f0aa8b6a073a756117"
  integrity sha512-VqGLIF3JOUrk7yIXjLXJvAORkZL1e3dDX0Q1okRehwyt/5CRE+mdUTeJZkBo9P9mBwgMyvtwklzOGGrzjb4eMA==

"@sentry/types@7.93.0":
  version "7.93.0"
  resolved "https://registry.yarnpkg.com/@sentry/types/-/types-7.93.0.tgz#d76d26259b40cd0688e1d634462fbff31476c1ec"
  integrity sha512-UnzUccNakhFRA/esWBWP+0v7cjNg+RilFBQC03Mv9OEMaZaS29zSbcOGtRzuFOXXLBdbr44BWADqpz3VW0XaNw==

"@sentry/utils@7.84.0":
  version "7.84.0"
  resolved "https://registry.yarnpkg.com/@sentry/utils/-/utils-7.84.0.tgz#32861d922fa31e86dd2863a1d9dfc5a369e98952"
  integrity sha512-qdUVuxnRBvaf05AU+28R+xYtZmi/Ymf8os3Njq9g4XuA+QEkZLbzmIpRK5W9Ja7vUtjOeg29Xgg43A8znde9LQ==
  dependencies:
    "@sentry/types" "7.84.0"

"@sentry/utils@7.93.0":
  version "7.93.0"
  resolved "https://registry.yarnpkg.com/@sentry/utils/-/utils-7.93.0.tgz#36225038661fe977baf01e4695ef84794d591e45"
  integrity sha512-Iovj7tUnbgSkh/WrAaMrd5UuYjW7AzyzZlFDIUrwidsyIdUficjCG2OIxYzh76H6nYIx9SxewW0R54Q6XoB4uA==
  dependencies:
    "@sentry/types" "7.93.0"

"@sentry/vercel-edge@7.93.0":
  version "7.93.0"
  resolved "https://registry.yarnpkg.com/@sentry/vercel-edge/-/vercel-edge-7.93.0.tgz#56bb814f7af4c479b0d3bbce2e297aad2a3b409b"
  integrity sha512-3jddd6gVUpGX8Sis9gxODL7zPR+lZohYYvOJVhf8UMglZSiWa3/xYJQ5VISj3UH6sVSxvfMxgssmQEHcvuubHQ==
  dependencies:
    "@sentry-internal/tracing" "7.93.0"
    "@sentry/core" "7.93.0"
    "@sentry/types" "7.93.0"
    "@sentry/utils" "7.93.0"

"@sentry/webpack-plugin@1.21.0":
  version "1.21.0"
  resolved "https://registry.yarnpkg.com/@sentry/webpack-plugin/-/webpack-plugin-1.21.0.tgz#bbe7cb293751f80246a4a56f9a7dd6de00f14b58"
  integrity sha512-x0PYIMWcsTauqxgl7vWUY6sANl+XGKtx7DCVnnY7aOIIlIna0jChTAPANTfA2QrK+VK+4I/4JxatCEZBnXh3Og==
  dependencies:
    "@sentry/cli" "^1.77.1"
    webpack-sources "^2.0.0 || ^3.0.0"

"@swc/helpers@0.4.11":
  version "0.4.11"
  resolved "https://registry.yarnpkg.com/@swc/helpers/-/helpers-0.4.11.tgz#db23a376761b3d31c26502122f349a21b592c8de"
  integrity sha512-rEUrBSGIoSFuYxwBYtlUFMlE2CwGhmW+w9355/5oduSw8e5h2+Tj4UrAGNNgP9915++wj5vkQo0UuOBqOAq4nw==
  dependencies:
    tslib "^2.4.0"

"@types/estree@*", "@types/estree@^1.0.0":
  version "1.0.5"
  resolved "https://registry.yarnpkg.com/@types/estree/-/estree-1.0.5.tgz#a6ce3e556e00fd9895dd872dd172ad0d4bd687f4"
  integrity sha512-/kYRxGDLWzHOB7q+wtSUQlFrtcdUccpfy+X+9iMBpHK8QLLhx2wIPYuS5DYtR9Wa/YlZAbIovy7qVdB1Aq6Lyw==

agent-base@6:
  version "6.0.2"
  resolved "https://registry.yarnpkg.com/agent-base/-/agent-base-6.0.2.tgz#49fff58577cfee3f37176feab4c22e00f86d7f77"
  integrity sha512-RZNwNclF7+MS/8bDg70amg32dyeZGZxiDuQmZxKLAlQjr3jGyLx+4Kkk58UO7D2QdgFIQCovuSuZESne6RG6XQ==
  dependencies:
    debug "4"

ansi-styles@^4.1.0:
  version "4.3.0"
  resolved "https://registry.yarnpkg.com/ansi-styles/-/ansi-styles-4.3.0.tgz#edd803628ae71c04c85ae7a0906edad34b648937"
  integrity sha512-zbB9rCJAT1rbjiVDb2hqKFHNYLxgtk8NURxZ3IZwD3F6NtxbXZQCnnSi1Lkx+IDohdPlFp222wVALIheZJQSEg==
  dependencies:
    color-convert "^2.0.1"

balanced-match@^1.0.0:
  version "1.0.2"
  resolved "https://registry.yarnpkg.com/balanced-match/-/balanced-match-1.0.2.tgz#e83e3a7e3f300b34cb9d87f615fa0cbf357690ee"
  integrity sha512-3oSeUO0TMV67hN1AmbXsK4yaqU7tjiHlbxRDZOpH0KW9+CeX4bRAaX0Anxt0tx2MrpRpWwQaPwIlISEJhYU5Pw==

brace-expansion@^2.0.1:
  version "2.0.1"
  resolved "https://registry.yarnpkg.com/brace-expansion/-/brace-expansion-2.0.1.tgz#1edc459e0f0c548486ecf9fc99f2221364b9a0ae"
  integrity sha512-XnAIvQ8eM+kC6aULx6wuQiwVsnzsi9d3WxzV3FpWTGA19F621kwdbsAcFKXgKUHZWsy+mY6iL1sHTxWEFCytDA==
  dependencies:
    balanced-match "^1.0.0"

caniuse-lite@^1.0.30001406:
  version "1.0.30001577"
  resolved "https://registry.yarnpkg.com/caniuse-lite/-/caniuse-lite-1.0.30001577.tgz#a24991eb4ad67324ba8b96716340d53151f2f6f8"
  integrity sha512-rs2ZygrG1PNXMfmncM0B5H1hndY5ZCC9b5TkFaVNfZ+AUlyqcMyVIQtc3fsezi0NUCk5XZfDf9WS6WxMxnfdrg==

chalk@3.0.0:
  version "3.0.0"
  resolved "https://registry.yarnpkg.com/chalk/-/chalk-3.0.0.tgz#3f73c2bf526591f574cc492c51e2456349f844e4"
  integrity sha512-4D3B6Wf41KOYRFdszmDqMCGq5VV/uMAB273JILmO+3jAlh8X4qDtdtgCR3fxtbLEMzSx22QdhnDcJvu2u1fVwg==
  dependencies:
    ansi-styles "^4.1.0"
    supports-color "^7.1.0"

color-convert@^2.0.1:
  version "2.0.1"
  resolved "https://registry.yarnpkg.com/color-convert/-/color-convert-2.0.1.tgz#72d3a68d598c9bdb3af2ad1e84f21d896abd4de3"
  integrity sha512-RRECPsj7iu/xb5oKYcsFHSppFNnsj/52OVTRKb4zP5onXwVF3zVmmToNcOfGC+CRDpfK/U584fMg38ZHCaElKQ==
  dependencies:
    color-name "~1.1.4"

color-name@~1.1.4:
  version "1.1.4"
  resolved "https://registry.yarnpkg.com/color-name/-/color-name-1.1.4.tgz#c2a09a87acbde69543de6f63fa3995c826c536a2"
  integrity sha512-dOy+3AuW3a2wNbZHIuMZpTcgjGuLU/uBL/ubcZF9OXbDo8ff4O8yVp5Bf0efS8uEoYo5q4Fx7dY9OgQGXgAsQA==

commondir@^1.0.1:
  version "1.0.1"
  resolved "https://registry.yarnpkg.com/commondir/-/commondir-1.0.1.tgz#ddd800da0c66127393cca5950ea968a3aaf1253b"
  integrity sha512-W9pAhw0ja1Edb5GVdIF1mjZw/ASI0AlShXM83UUGe2DVr5TdAPEA1OA8m/g8zWp9x6On7gqufY+FatDbC3MDQg==

debug@4:
  version "4.3.4"
  resolved "https://registry.yarnpkg.com/debug/-/debug-4.3.4.tgz#1319f6579357f2338d3337d2cdd4914bb5dcc865"
  integrity sha512-PRWFHuSU3eDtQJPvnNY7Jcket1j0t5OuOsFzPPzsekD52Zl8qUfFIPEiswXqIvHWGVHOgX+7G/vCNNhehwxfkQ==
  dependencies:
    ms "2.1.2"

detect-libc@^2.0.2:
  version "2.0.2"
  resolved "https://registry.yarnpkg.com/detect-libc/-/detect-libc-2.0.2.tgz#8ccf2ba9315350e1241b88d0ac3b0e1fbd99605d"
  integrity sha512-UX6sGumvvqSaXgdKGUsgZWqcUyIXZ/vZTrlRT/iobiKhGL0zL4d3osHj3uqllWJK+i+sixDS/3COVEOFbupFyw==

estree-walker@^2.0.2:
  version "2.0.2"
  resolved "https://registry.yarnpkg.com/estree-walker/-/estree-walker-2.0.2.tgz#52f010178c2a4c117a7757cfe942adb7d2da4cac"
  integrity sha512-Rfkk/Mp/DL7JVje3u18FxFujQlTNR2q6QfMSMB7AvCBx91NGj/ba3kCfza0f6dVDbw7YlRf/nDrn7pQrCCyQ/w==

fs.realpath@^1.0.0:
  version "1.0.0"
  resolved "https://registry.yarnpkg.com/fs.realpath/-/fs.realpath-1.0.0.tgz#1504ad2523158caa40db4a2787cb01411994ea4f"
  integrity sha512-OO0pH2lK6a0hZnAdau5ItzHPI6pUlvI7jMVnxUQRtw4owF2wk8lOSabtGDCTP4Ggrg2MbGnWO9X8K1t4+fGMDw==

fsevents@~2.3.2:
  version "2.3.3"
  resolved "https://registry.yarnpkg.com/fsevents/-/fsevents-2.3.3.tgz#cac6407785d03675a2a5e1a5305c697b347d90d6"
  integrity sha512-5xoDfX+fL7faATnagmWPpbFtwh/R77WmMMqqHGS65C3vvB0YHrgF+B1YmZ3441tMj5n63k0212XNoJwzlhffQw==

function-bind@^1.1.2:
  version "1.1.2"
  resolved "https://registry.yarnpkg.com/function-bind/-/function-bind-1.1.2.tgz#2c02d864d97f3ea6c8830c464cbd11ab6eab7a1c"
  integrity sha512-7XHNxH7qX9xG5mIwxkhumTox/MIRNcOgDrxWsMt2pAr23WHp6MrRlN7FBSFpCpr+oVO0F744iUgR82nJMfG2SA==

glob@^8.0.3:
  version "8.1.0"
  resolved "https://registry.yarnpkg.com/glob/-/glob-8.1.0.tgz#d388f656593ef708ee3e34640fdfb99a9fd1c33e"
  integrity sha512-r8hpEjiQEYlF2QU0df3dS+nxxSIreXQS1qRhMJM0Q5NDdR386C7jb7Hwwod8Fgiuex+k0GFjgft18yvxm5XoCQ==
  dependencies:
    fs.realpath "^1.0.0"
    inflight "^1.0.4"
    inherits "2"
    minimatch "^5.0.1"
    once "^1.3.0"

has-flag@^4.0.0:
  version "4.0.0"
  resolved "https://registry.yarnpkg.com/has-flag/-/has-flag-4.0.0.tgz#944771fd9c81c81265c4d6941860da06bb59479b"
  integrity sha512-EykJT/Q1KjTWctppgIAgfSO0tKVuZUjhgMr17kqTumMl6Afv3EISleU7qZUzoXDFTAHTDC4NOoG/ZxU3EvlMPQ==

hasown@^2.0.0:
  version "2.0.0"
  resolved "https://registry.yarnpkg.com/hasown/-/hasown-2.0.0.tgz#f4c513d454a57b7c7e1650778de226b11700546c"
  integrity sha512-vUptKVTpIJhcczKBbgnS+RtcuYMB8+oNzPK2/Hp3hanz8JmpATdmmgLgSaadVREkDm+e2giHwY3ZRkyjSIDDFA==
  dependencies:
    function-bind "^1.1.2"

hoist-non-react-statics@^3.3.2:
  version "3.3.2"
  resolved "https://registry.yarnpkg.com/hoist-non-react-statics/-/hoist-non-react-statics-3.3.2.tgz#ece0acaf71d62c2969c2ec59feff42a4b1a85b45"
  integrity sha512-/gGivxi8JPKWNm/W0jSmzcMPpfpPLc3dY/6GxhX2hQ9iGj3aDfklV4ET7NjKpSinLpJ5vafa9iiGIEZg10SfBw==
  dependencies:
    react-is "^16.7.0"

https-proxy-agent@^5.0.0:
  version "5.0.1"
  resolved "https://registry.yarnpkg.com/https-proxy-agent/-/https-proxy-agent-5.0.1.tgz#c59ef224a04fe8b754f3db0063a25ea30d0005d6"
  integrity sha512-dFcAjpTQFgoLMzC2VwU+C/CbS7uRL0lWmxDITmqm7C+7F0Odmj6s9l6alZc6AELXhrnggM2CeWSXHGOdX2YtwA==
  dependencies:
    agent-base "6"
    debug "4"

immediate@~3.0.5:
  version "3.0.6"
  resolved "https://registry.yarnpkg.com/immediate/-/immediate-3.0.6.tgz#9db1dbd0faf8de6fbe0f5dd5e56bb606280de69b"
  integrity sha512-XXOFtyqDjNDAQxVfYxuF7g9Il/IbWmmlQg2MYKOH8ExIT1qg6xc4zyS3HaEEATgs1btfzxq15ciUiY7gjSXRGQ==

inflight@^1.0.4:
  version "1.0.6"
  resolved "https://registry.yarnpkg.com/inflight/-/inflight-1.0.6.tgz#49bd6331d7d02d0c09bc910a1075ba8165b56df9"
  integrity sha512-k92I/b08q4wvFscXCLvqfsHCrjrF7yiXsQuIVvVE7N82W3+aqpzuUdBbfhWcy/FZR3/4IgflMgKLOsvPDrGCJA==
  dependencies:
    once "^1.3.0"
    wrappy "1"

inherits@2:
  version "2.0.4"
  resolved "https://registry.yarnpkg.com/inherits/-/inherits-2.0.4.tgz#0fa2c64f932917c3433a0ded55363aae37416b7c"
  integrity sha512-k/vGaX4/Yla3WzyMCvTQOXYeIHvqOKtnqBduzTHpzpQZzAskKMhZ2K+EnBiSM9zGSoIFeMpXKxa4dYeZIQqewQ==

is-core-module@^2.13.0:
  version "2.13.1"
  resolved "https://registry.yarnpkg.com/is-core-module/-/is-core-module-2.13.1.tgz#ad0d7532c6fea9da1ebdc82742d74525c6273384"
  integrity sha512-hHrIjvZsftOsvKSn2TRYl63zvxsgE0K+0mYMoH6gD4omR5IWB2KynivBQczo3+wF1cCkjzvptnI9Q0sPU66ilw==
  dependencies:
    hasown "^2.0.0"

is-reference@1.2.1:
  version "1.2.1"
  resolved "https://registry.yarnpkg.com/is-reference/-/is-reference-1.2.1.tgz#8b2dac0b371f4bc994fdeaba9eb542d03002d0b7"
  integrity sha512-U82MsXXiFIrjCK4otLT+o2NA2Cd2g5MLoOVXUZjIOhLurrRxpEXzI8O0KZHr3IjLvlAH1kTPYSuqer5T9ZVBKQ==
  dependencies:
    "@types/estree" "*"

isexe@^2.0.0:
  version "2.0.0"
  resolved "https://registry.yarnpkg.com/isexe/-/isexe-2.0.0.tgz#e8fbf374dc556ff8947a10dcb0572d633f2cfa10"
  integrity sha512-RHxMLp9lnKHGHRng9QFhRCMbYAcVpn69smSGcq3f36xjgVVWThj4qqLbTLlq7Ssj8B+fIQ1EuCEGI2lKsyQeIw==

"js-tokens@^3.0.0 || ^4.0.0":
  version "4.0.0"
  resolved "https://registry.yarnpkg.com/js-tokens/-/js-tokens-4.0.0.tgz#19203fb59991df98e3a287050d4647cdeaf32499"
  integrity sha512-RdJUflcE3cUzKiMqQgsCu06FPu9UdIJO0beYbPhHN4k6apgJtifcoCtT9bcxOpYBtpD2kCM6Sbzg4CausW/PKQ==

lie@3.1.1:
  version "3.1.1"
  resolved "https://registry.yarnpkg.com/lie/-/lie-3.1.1.tgz#9a436b2cc7746ca59de7a41fa469b3efb76bd87e"
  integrity sha512-RiNhHysUjhrDQntfYSfY4MU24coXXdEOgw9WGcKHNeEwffDYbF//u87M1EWaMGzuFoSbqW0C9C6lEEhDOAswfw==
  dependencies:
    immediate "~3.0.5"

localforage@^1.8.1:
  version "1.10.0"
  resolved "https://registry.yarnpkg.com/localforage/-/localforage-1.10.0.tgz#5c465dc5f62b2807c3a84c0c6a1b1b3212781dd4"
  integrity sha512-14/H1aX7hzBBmmh7sGPd+AOMkkIrHM3Z1PAyGgZigA1H1p5O5ANnMyWzvpAETtG68/dC4pC0ncy3+PPGzXZHPg==
  dependencies:
    lie "3.1.1"

loose-envify@^1.1.0:
  version "1.4.0"
  resolved "https://registry.yarnpkg.com/loose-envify/-/loose-envify-1.4.0.tgz#71ee51fa7be4caec1a63839f7e682d8132d30caf"
  integrity sha512-lyuxPGr/Wfhrlem2CL/UcnUc1zcqKAImBDzukY7Y5F/yQiNdko6+fRLevlw1HgMySw7f611UIY408EtxRSoK3Q==
  dependencies:
    js-tokens "^3.0.0 || ^4.0.0"

lru-cache@^6.0.0:
  version "6.0.0"
  resolved "https://registry.yarnpkg.com/lru-cache/-/lru-cache-6.0.0.tgz#6d6fe6570ebd96aaf90fcad1dafa3b2566db3a94"
  integrity sha512-Jo6dJ04CmSjuznwJSS3pUeWmd/H0ffTlkXXgwZi+eq1UCmqQwCh+eLsYOYCwY991i2Fah4h1BEMCx4qThGbsiA==
  dependencies:
    yallist "^4.0.0"

magic-string@^0.27.0:
  version "0.27.0"
  resolved "https://registry.yarnpkg.com/magic-string/-/magic-string-0.27.0.tgz#e4a3413b4bab6d98d2becffd48b4a257effdbbf3"
  integrity sha512-8UnnX2PeRAPZuN12svgR9j7M1uWMovg/CEnIwIG0LFkXSJJe4PdfUGiTGl8V9bsBHFUtfVINcSyYxd7q+kx9fA==
  dependencies:
    "@jridgewell/sourcemap-codec" "^1.4.13"

minimatch@^5.0.1:
  version "5.1.6"
  resolved "https://registry.yarnpkg.com/minimatch/-/minimatch-5.1.6.tgz#1cfcb8cf5522ea69952cd2af95ae09477f122a96"
  integrity sha512-lKwV/1brpG6mBUFHtb7NUmtABCb2WZZmm2wNiOA5hAb8VdCS4B3dtMWyvcoViccwAW/COERjXLt0zP1zXUN26g==
  dependencies:
    brace-expansion "^2.0.1"

minimist@^1.2.6:
  version "1.2.8"
  resolved "https://registry.yarnpkg.com/minimist/-/minimist-1.2.8.tgz#c1a464e7693302e082a075cee0c057741ac4772c"
  integrity sha512-2yyAR8qBkN3YuheJanUpWC5U3bb5osDywNB8RzDVlDwDHbocAJveqqj1u8+SVD7jkWT4yvsHCpWqqWqAxb0zCA==

mkdirp@^0.5.5:
  version "0.5.6"
  resolved "https://registry.yarnpkg.com/mkdirp/-/mkdirp-0.5.6.tgz#7def03d2432dcae4ba1d611445c48396062255f6"
  integrity sha512-FP+p8RB8OWpF3YZBCrP5gtADmtXApB5AMLn+vdyA+PyxCjrCs00mjyUozssO33cwDeT3wNGdLxJ5M//YqtHAJw==
  dependencies:
    minimist "^1.2.6"

ms@2.1.2:
  version "2.1.2"
  resolved "https://registry.yarnpkg.com/ms/-/ms-2.1.2.tgz#d09d1f357b443f493382a8eb3ccd183872ae6009"
  integrity sha512-sGkPx+VjMtmA6MX27oA4FBFELFCZZ4S4XqeGOXCv68tT+jb3vk/RyaKWP0PTKyWtmLSM0b+adUTEvbs1PEaH2w==

nanoid@^3.3.4:
  version "3.3.7"
  resolved "https://registry.yarnpkg.com/nanoid/-/nanoid-3.3.7.tgz#d0c301a691bc8d54efa0a2226ccf3fe2fd656bd8"
  integrity sha512-eSRppjcPIatRIMC1U6UngP8XFcz8MQWGQdt1MTBQ7NaAmvXDfvNxbvWV3x2y6CdEUciCSsDHDQZbhYaB8QEo2g==

next@^12.2.2:
  version "12.3.4"
  resolved "https://registry.yarnpkg.com/next/-/next-12.3.4.tgz#f2780a6ebbf367e071ce67e24bd8a6e05de2fcb1"
  integrity sha512-VcyMJUtLZBGzLKo3oMxrEF0stxh8HwuW976pAzlHhI3t8qJ4SROjCrSh1T24bhrbjw55wfZXAbXPGwPt5FLRfQ==
  dependencies:
    "@next/env" "12.3.4"
    "@swc/helpers" "0.4.11"
    caniuse-lite "^1.0.30001406"
    postcss "8.4.14"
    styled-jsx "5.0.7"
    use-sync-external-store "1.2.0"
  optionalDependencies:
    "@next/swc-android-arm-eabi" "12.3.4"
    "@next/swc-android-arm64" "12.3.4"
    "@next/swc-darwin-arm64" "12.3.4"
    "@next/swc-darwin-x64" "12.3.4"
    "@next/swc-freebsd-x64" "12.3.4"
    "@next/swc-linux-arm-gnueabihf" "12.3.4"
    "@next/swc-linux-arm64-gnu" "12.3.4"
    "@next/swc-linux-arm64-musl" "12.3.4"
    "@next/swc-linux-x64-gnu" "12.3.4"
    "@next/swc-linux-x64-musl" "12.3.4"
    "@next/swc-win32-arm64-msvc" "12.3.4"
    "@next/swc-win32-ia32-msvc" "12.3.4"
    "@next/swc-win32-x64-msvc" "12.3.4"

node-abi@^3.52.0:
  version "3.54.0"
  resolved "https://registry.yarnpkg.com/node-abi/-/node-abi-3.54.0.tgz#f6386f7548817acac6434c6cba02999c9aebcc69"
  integrity sha512-p7eGEiQil0YUV3ItH4/tBb781L5impVmmx2E9FRKF7d18XXzp4PGT2tdYMFY6wQqgxD0IwNZOiSJ0/K0fSi/OA==
  dependencies:
    semver "^7.3.5"

node-fetch@^2.6.7:
  version "2.7.0"
  resolved "https://registry.yarnpkg.com/node-fetch/-/node-fetch-2.7.0.tgz#d0f0fa6e3e2dc1d27efcd8ad99d550bda94d187d"
  integrity sha512-c4FRfUm/dbcWZ7U+1Wq0AwCyFL+3nt2bEw05wfxSz+DWpWsitgmSgYmy2dQdWyKC1694ELPqMs/YzUSNozLt8A==
  dependencies:
    whatwg-url "^5.0.0"

once@^1.3.0:
  version "1.4.0"
  resolved "https://registry.yarnpkg.com/once/-/once-1.4.0.tgz#583b1aa775961d4b113ac17d9c50baef9dd76bd1"
  integrity sha512-lNaJgI+2Q5URQBkccEKHTQOPaXdUxnZZElQTZY0MFUAuaEqe1E+Nyvgdz/aIyNi6Z9MzO5dv1H8n58/GELp3+w==
  dependencies:
    wrappy "1"

path-parse@^1.0.7:
  version "1.0.7"
  resolved "https://registry.yarnpkg.com/path-parse/-/path-parse-1.0.7.tgz#fbc114b60ca42b30d9daf5858e4bd68bbedb6735"
  integrity sha512-LDJzPVEEEPR+y48z93A0Ed0yXb8pAByGWo/k5YYdYgpY2/2EsOsksJrq7lOHxryrVOn1ejG6oAp8ahvOIQD8sw==

picocolors@^1.0.0:
  version "1.0.0"
  resolved "https://registry.yarnpkg.com/picocolors/-/picocolors-1.0.0.tgz#cb5bdc74ff3f51892236eaf79d68bc44564ab81c"
  integrity sha512-1fygroTLlHu66zi26VoTDv8yRgm0Fccecssto+MhsZ0D/DGW2sm8E8AjW7NU5VVTRt5GxbeZ5qBuJr+HyLYkjQ==

picomatch@^2.3.1:
  version "2.3.1"
  resolved "https://registry.yarnpkg.com/picomatch/-/picomatch-2.3.1.tgz#3ba3833733646d9d3e4995946c1365a67fb07a42"
  integrity sha512-JU3teHTNjmE2VCGFzuY8EXzCDVwEqB2a8fsIvwaStHhAWJEeVd1o1QD80CU6+ZdEXXSLbSsuLwJjkCBWqRQUVA==

postcss@8.4.14:
  version "8.4.14"
  resolved "https://registry.yarnpkg.com/postcss/-/postcss-8.4.14.tgz#ee9274d5622b4858c1007a74d76e42e56fd21caf"
  integrity sha512-E398TUmfAYFPBSdzgeieK2Y1+1cpdxJx8yXbK/m57nRhKSmk1GB2tO4lbLBtlkfPQTDKfe4Xqv1ASWPpayPEig==
  dependencies:
    nanoid "^3.3.4"
    picocolors "^1.0.0"
    source-map-js "^1.0.2"

progress@^2.0.3:
  version "2.0.3"
  resolved "https://registry.yarnpkg.com/progress/-/progress-2.0.3.tgz#7e8cf8d8f5b8f239c1bc68beb4eb78567d572ef8"
  integrity sha512-7PiHtLll5LdnKIMw100I+8xJXR5gW2QwWYkT6iJva0bXitZKa/XMrSbdmg3r2Xnaidz9Qumd0VPaMrZlF9V9sA==

proxy-from-env@^1.1.0:
  version "1.1.0"
  resolved "https://registry.yarnpkg.com/proxy-from-env/-/proxy-from-env-1.1.0.tgz#e102f16ca355424865755d2c9e8ea4f24d58c3e2"
  integrity sha512-D+zkORCbA9f1tdWRK0RaCR3GPv50cMxcrz4X8k5LTSUD1Dkw47mKJEZQNunItRTkWwgtaUSo1RVFRIG9ZXiFYg==

react-dom@18.2.0:
  version "18.2.0"
  resolved "https://registry.yarnpkg.com/react-dom/-/react-dom-18.2.0.tgz#22aaf38708db2674ed9ada224ca4aa708d821e3d"
  integrity sha512-6IMTriUmvsjHUjNtEDudZfuDQUoWXVxKHhlEGSk81n4YFS+r/Kl99wXiwlVXtPBtJenozv2P+hxDsw9eA7Xo6g==
  dependencies:
    loose-envify "^1.1.0"
    scheduler "^0.23.0"

react-is@^16.7.0:
  version "16.13.1"
  resolved "https://registry.yarnpkg.com/react-is/-/react-is-16.13.1.tgz#789729a4dc36de2999dc156dd6c1d9c18cea56a4"
  integrity sha512-24e6ynE2H+OKt4kqsOvNd8kBpV65zoxbA4BVsEOB3ARVWQki/DHzaUoC5KuON/BiccDaCCTZBuOcfZs70kR8bQ==

react@18.2.0:
  version "18.2.0"
  resolved "https://registry.yarnpkg.com/react/-/react-18.2.0.tgz#555bd98592883255fa00de14f1151a917b5d77d5"
  integrity sha512-/3IjMdb2L9QbBdWiW5e3P2/npwMBaU9mHCSCUzNln0ZCYbcfTsGbTJrU/kGemdH2IWmB2ioZ+zkxtmq6g09fGQ==
  dependencies:
    loose-envify "^1.1.0"

resolve@1.22.8:
  version "1.22.8"
  resolved "https://registry.yarnpkg.com/resolve/-/resolve-1.22.8.tgz#b6c87a9f2aa06dfab52e3d70ac8cde321fa5a48d"
  integrity sha512-oKWePCxqpd6FlLvGV1VU0x7bkPmmCNolxzjMf4NczoDnQcIWrAF+cPtZn5i6n+RfD2d9i0tzpKnG6Yk168yIyw==
  dependencies:
    is-core-module "^2.13.0"
    path-parse "^1.0.7"
    supports-preserve-symlinks-flag "^1.0.0"

rollup@2.78.0:
  version "2.78.0"
  resolved "https://registry.yarnpkg.com/rollup/-/rollup-2.78.0.tgz#00995deae70c0f712ea79ad904d5f6b033209d9e"
  integrity sha512-4+YfbQC9QEVvKTanHhIAFVUFSRsezvQF8vFOJwtGfb9Bb+r014S+qryr9PSmw8x6sMnPkmFBGAvIFVQxvJxjtg==
  optionalDependencies:
    fsevents "~2.3.2"

scheduler@^0.23.0:
  version "0.23.0"
  resolved "https://registry.yarnpkg.com/scheduler/-/scheduler-0.23.0.tgz#ba8041afc3d30eb206a487b6b384002e4e61fdfe"
  integrity sha512-CtuThmgHNg7zIZWAXi3AsyIzA3n4xx7aNyjwC2VJldO2LMVDhFK+63xGqq6CsJH4rTAt6/M+N4GhZiDYPx9eUw==
  dependencies:
    loose-envify "^1.1.0"

semver@^7.3.5:
  version "7.5.4"
  resolved "https://registry.yarnpkg.com/semver/-/semver-7.5.4.tgz#483986ec4ed38e1c6c48c34894a9182dbff68a6e"
  integrity sha512-1bCSESV6Pv+i21Hvpxp3Dx+pSD8lIPt8uVjRrxAUt/nbswYc+tK6Y2btiULjd4+fnq15PX+nqQDC7Oft7WkwcA==
  dependencies:
    lru-cache "^6.0.0"

source-map-js@^1.0.2:
  version "1.0.2"
  resolved "https://registry.yarnpkg.com/source-map-js/-/source-map-js-1.0.2.tgz#adbc361d9c62df380125e7f161f71c826f1e490c"
  integrity sha512-R0XvVJ9WusLiqTCEiGCmICCMplcCkIwwR11mOSD9CR5u+IXYdiseeEuXCVAjS54zqwkLcPNnmU4OeJ6tUrWhDw==

stacktrace-parser@^0.1.10:
  version "0.1.10"
  resolved "https://registry.yarnpkg.com/stacktrace-parser/-/stacktrace-parser-0.1.10.tgz#29fb0cae4e0d0b85155879402857a1639eb6051a"
  integrity sha512-KJP1OCML99+8fhOHxwwzyWrlUuVX5GQ0ZpJTd1DFXhdkrvg1szxfHhawXUZ3g9TkXORQd4/WG68jMlQZ2p8wlg==
  dependencies:
    type-fest "^0.7.1"

styled-jsx@5.0.7:
  version "5.0.7"
  resolved "https://registry.yarnpkg.com/styled-jsx/-/styled-jsx-5.0.7.tgz#be44afc53771b983769ac654d355ca8d019dff48"
  integrity sha512-b3sUzamS086YLRuvnaDigdAewz1/EFYlHpYBP5mZovKEdQQOIIYq8lApylub3HHZ6xFjV051kkGU7cudJmrXEA==

supports-color@^7.1.0:
  version "7.2.0"
  resolved "https://registry.yarnpkg.com/supports-color/-/supports-color-7.2.0.tgz#1b7dcdcb32b8138801b3e478ba6a51caa89648da"
  integrity sha512-qpCAvRl9stuOHveKsn7HncJRvv501qIacKzQlO/+Lwxc9+0q2wLyv4Dfvt80/DPn2pqOBsJdDiogXGR9+OvwRw==
  dependencies:
    has-flag "^4.0.0"

supports-preserve-symlinks-flag@^1.0.0:
  version "1.0.0"
  resolved "https://registry.yarnpkg.com/supports-preserve-symlinks-flag/-/supports-preserve-symlinks-flag-1.0.0.tgz#6eda4bd344a3c94aea376d4cc31bc77311039e09"
  integrity sha512-ot0WnXS9fgdkgIcePe6RHNk1WA8+muPa6cSjeR3V8K27q9BB1rTE3R1p7Hv0z1ZyAc8s6Vvv8DIyWf681MAt0w==

tr46@~0.0.3:
  version "0.0.3"
  resolved "https://registry.yarnpkg.com/tr46/-/tr46-0.0.3.tgz#8184fd347dac9cdc185992f3a6622e14b9d9ab6a"
  integrity sha512-N3WMsuqV66lT30CrXNbEjx4GEwlow3v6rr4mCcv6prnfwhS01rkgyFdjPNBYd9br7LpXV1+Emh01fHnq2Gdgrw==

tslib@^2.4.0:
  version "2.6.2"
  resolved "https://registry.yarnpkg.com/tslib/-/tslib-2.6.2.tgz#703ac29425e7b37cd6fd456e92404d46d1f3e4ae"
  integrity sha512-AEYxH93jGFPn/a2iVAwW87VuUIkR1FVUKB77NwMF7nBTDkDrrT/Hpt/IrCJ0QXhW27jTBDcf5ZY7w6RiqTMw2Q==

type-fest@^0.7.1:
  version "0.7.1"
  resolved "https://registry.yarnpkg.com/type-fest/-/type-fest-0.7.1.tgz#8dda65feaf03ed78f0a3f9678f1869147f7c5c48"
  integrity sha512-Ne2YiiGN8bmrmJJEuTWTLJR32nh/JdL1+PSicowtNb0WFpn59GK8/lfD61bVtzguz7b3PBt74nxpv/Pw5po5Rg==

use-sync-external-store@1.2.0:
  version "1.2.0"
  resolved "https://registry.yarnpkg.com/use-sync-external-store/-/use-sync-external-store-1.2.0.tgz#7dbefd6ef3fe4e767a0cf5d7287aacfb5846928a"
  integrity sha512-eEgnFxGQ1Ife9bzYs6VLi8/4X6CObHMw9Qr9tPY43iKwsPw8xE8+EFsf/2cFZ5S3esXgpWgtSCtLNS41F+sKPA==

webidl-conversions@^3.0.0:
  version "3.0.1"
  resolved "https://registry.yarnpkg.com/webidl-conversions/-/webidl-conversions-3.0.1.tgz#24534275e2a7bc6be7bc86611cc16ae0a5654871"
  integrity sha512-2JAn3z8AR6rjK8Sm8orRC0h/bcl/DqL7tRPdGZ4I1CjdF+EaMLmYxBHyXuKL849eucPFhvBoxMsflfOb8kxaeQ==

"webpack-sources@^2.0.0 || ^3.0.0":
  version "3.2.3"
  resolved "https://registry.yarnpkg.com/webpack-sources/-/webpack-sources-3.2.3.tgz#2d4daab8451fd4b240cc27055ff6a0c2ccea0cde"
  integrity sha512-/DyMEOrDgLKKIG0fmvtz+4dUX/3Ghozwgm6iPp8KRhvn+eQf9+Q7GWxVNMk3+uCPWfdXYC4ExGBckIXdFEfH1w==

whatwg-url@^5.0.0:
  version "5.0.0"
  resolved "https://registry.yarnpkg.com/whatwg-url/-/whatwg-url-5.0.0.tgz#966454e8765462e37644d3626f6742ce8b70965d"
  integrity sha512-saE57nupxk6v3HY35+jzBwYa0rKSy0XR8JSxZPwgLr7ys0IBzhGviA1/TUGJLmSVqs8pb9AnvICXEuOHLprYTw==
  dependencies:
    tr46 "~0.0.3"
    webidl-conversions "^3.0.0"

which@^2.0.2:
  version "2.0.2"
  resolved "https://registry.yarnpkg.com/which/-/which-2.0.2.tgz#7c6a8dd0a636a0327e10b59c9286eee93f3f51b1"
  integrity sha512-BLI3Tl1TW3Pvl70l3yq3Y64i+awpwXqsGBYWkkqMtnbXgrMD+yj7rhW0kuEDxzJaYXGjEW5ogapKNMEKNMjibA==
  dependencies:
    isexe "^2.0.0"

wrappy@1:
  version "1.0.2"
  resolved "https://registry.yarnpkg.com/wrappy/-/wrappy-1.0.2.tgz#b5243d8f3ec1aa35f1364605bc0d1036e30ab69f"
  integrity sha512-l4Sp/DRseor9wL6EvV2+TuQn63dMkPjZ/sp9XkghTEbV9KlPS1xUsZ3u7/IQO4wxtcFB4bgpQPRcR3QCvezPcQ==

yallist@^4.0.0:
  version "4.0.0"
  resolved "https://registry.yarnpkg.com/yallist/-/yallist-4.0.0.tgz#9bb92790d9c0effec63be73519e11a35019a3a72"
  integrity sha512-3wdGidZyq5PB084XLES5TpOSRA3wjXAlIWMhum2kRcv/41Sn2emQ0dycQW4uZXLejwKvg6EsvbdlVL+FYEct7A==
